
Microsoft Visual Studio Solution File, Format Version 12.00
# Visual Studio Version 17
VisualStudioVersion = 17.0.31903.59
MinimumVisualStudioVersion = 10.0.40219.1
Project("{FAE04EC0-301F-11D3-BF4B-00C04F79EFBC}") = "LibrarySystem.Api", "server\LibrarySystem.Api.csproj", "{68AB929B-DA03-4F5B-98C8-CE4DFF4FF25D}"
EndProject
Project("{FAE04EC0-301F-11D3-BF4B-00C04F79EFBC}") = "LibrarySystem.Desktop", "desktop\LibrarySystem.Desktop.csproj", "{97CEC0E7-6A2A-4467-9160-E7A56F768AA9}"
EndProject
Global
	GlobalSection(SolutionConfigurationPlatforms) = preSolution
		Debug|Any CPU = Debug|Any CPU
		Release|Any CPU = Release|Any CPU
	EndGlobalSection
	GlobalSection(SolutionProperties) = preSolution
		HideSolutionNode = FALSE
	EndGlobalSection
	GlobalSection(ProjectConfigurationPlatforms) = postSolution
		{68AB929B-DA03-4F5B-98C8-CE4DFF4FF25D}.Debug|Any CPU.ActiveCfg = Debug|Any CPU
		{68AB929B-DA03-4F5B-98C8-CE4DFF4FF25D}.Debug|Any CPU.Build.0 = Debug|Any CPU
		{68AB929B-DA03-4F5B-98C8-CE4DFF4FF25D}.Release|Any CPU.ActiveCfg = Release|Any CPU
		{68AB929B-DA03-4F5B-98C8-CE4DFF4FF25D}.Release|Any CPU.Build.0 = Release|Any CPU
		{97CEC0E7-6A2A-4467-9160-E7A56F768AA9}.Debug|Any CPU.ActiveCfg = Debug|Any CPU
		{97CEC0E7-6A2A-4467-9160-E7A56F768AA9}.Debug|Any CPU.Build.0 = Debug|Any CPU
		{97CEC0E7-6A2A-4467-9160-E7A56F768AA9}.Release|Any CPU.ActiveCfg = Release|Any CPU
		{97CEC0E7-6A2A-4467-9160-E7A56F768AA9}.Release|Any CPU.Build.0 = Release|Any CPU
	EndGlobalSection
EndGlobal
